
Microsoft Visual Studio Solution File, Format Version 12.00
# Visual Studio 14
VisualStudioVersion = 14.0.25420.1
MinimumVisualStudioVersion = 10.0.40219.1
Project("{FAE04EC0-301F-11D3-BF4B-00C04F79EFBC}") = "LineBreakSample", "LineBreakSample\LineBreakSample\LineBreakSample.csproj", "{4B5A2A21-5DBD-4D93-B03D-8A9CEC5FF7CA}"
EndProject
Project("{FAE04EC0-301F-11D3-BF4B-00C04F79EFBC}") = "LineBreakSample.Droid", "LineBreakSample\LineBreakSample.Droid\LineBreakSample.Droid.csproj", "{15F8CD2A-9407-4B71-9DC9-D9C6260B89DA}"
EndProject
Project("{FAE04EC0-301F-11D3-BF4B-00C04F79EFBC}") = "LineBreakSample.iOS", "LineBreakSample\LineBreakSample.iOS\LineBreakSample.iOS.csproj", "{31C4BEC9-51FA-46F6-A407-6594ADFD04F4}"
EndProject
Project("{FAE04EC0-301F-11D3-BF4B-00C04F79EFBC}") = "LineBreakSample.UWP", "LineBreakSample\LineBreakSample.UWP\LineBreakSample.UWP.csproj", "{497FC2B6-D30F-4D4D-B2DA-7AE1D6B5242F}"
EndProject
Global
	GlobalSection(SolutionConfigurationPlatforms) = preSolution
		Ad-Hoc|Any CPU = Ad-Hoc|Any CPU
		Ad-Hoc|ARM = Ad-Hoc|ARM
		Ad-Hoc|iPhone = Ad-Hoc|iPhone
		Ad-Hoc|iPhoneSimulator = Ad-Hoc|iPhoneSimulator
		Ad-Hoc|x64 = Ad-Hoc|x64
		Ad-Hoc|x86 = Ad-Hoc|x86
		AppStore|Any CPU = AppStore|Any CPU
		AppStore|ARM = AppStore|ARM
		AppStore|iPhone = AppStore|iPhone
		AppStore|iPhoneSimulator = AppStore|iPhoneSimulator
		AppStore|x64 = AppStore|x64
		AppStore|x86 = AppStore|x86
		Debug|Any CPU = Debug|Any CPU
		Debug|ARM = Debug|ARM
		Debug|iPhone = Debug|iPhone
		Debug|iPhoneSimulator = Debug|iPhoneSimulator
		Debug|x64 = Debug|x64
		Debug|x86 = Debug|x86
		Release|Any CPU = Release|Any CPU
		Release|ARM = Release|ARM
		Release|iPhone = Release|iPhone
		Release|iPhoneSimulator = Release|iPhoneSimulator
		Release|x64 = Release|x64
		Release|x86 = Release|x86
	EndGlobalSection
	GlobalSection(ProjectConfigurationPlatforms) = postSolution
		{4B5A2A21-5DBD-4D93-B03D-8A9CEC5FF7CA}.Ad-Hoc|Any CPU.ActiveCfg = Release|Any CPU
		{4B5A2A21-5DBD-4D93-B03D-8A9CEC5FF7CA}.Ad-Hoc|Any CPU.Build.0 = Release|Any CPU
		{4B5A2A21-5DBD-4D93-B03D-8A9CEC5FF7CA}.Ad-Hoc|ARM.ActiveCfg = Release|Any CPU
		{4B5A2A21-5DBD-4D93-B03D-8A9CEC5FF7CA}.Ad-Hoc|ARM.Build.0 = Release|Any CPU
		{4B5A2A21-5DBD-4D93-B03D-8A9CEC5FF7CA}.Ad-Hoc|iPhone.ActiveCfg = Release|Any CPU
		{4B5A2A21-5DBD-4D93-B03D-8A9CEC5FF7CA}.Ad-Hoc|iPhone.Build.0 = Release|Any CPU
		{4B5A2A21-5DBD-4D93-B03D-8A9CEC5FF7CA}.Ad-Hoc|iPhoneSimulator.ActiveCfg = Release|Any CPU
		{4B5A2A21-5DBD-4D93-B03D-8A9CEC5FF7CA}.Ad-Hoc|iPhoneSimulator.Build.0 = Release|Any CPU
		{4B5A2A21-5DBD-4D93-B03D-8A9CEC5FF7CA}.Ad-Hoc|x64.ActiveCfg = Release|Any CPU
		{4B5A2A21-5DBD-4D93-B03D-8A9CEC5FF7CA}.Ad-Hoc|x64.Build.0 = Release|Any CPU
		{4B5A2A21-5DBD-4D93-B03D-8A9CEC5FF7CA}.Ad-Hoc|x86.ActiveCfg = Release|Any CPU
		{4B5A2A21-5DBD-4D93-B03D-8A9CEC5FF7CA}.Ad-Hoc|x86.Build.0 = Release|Any CPU
		{4B5A2A21-5DBD-4D93-B03D-8A9CEC5FF7CA}.AppStore|Any CPU.ActiveCfg = Release|Any CPU
		{4B5A2A21-5DBD-4D93-B03D-8A9CEC5FF7CA}.AppStore|Any CPU.Build.0 = Release|Any CPU
		{4B5A2A21-5DBD-4D93-B03D-8A9CEC5FF7CA}.AppStore|ARM.ActiveCfg = Release|Any CPU
		{4B5A2A21-5DBD-4D93-B03D-8A9CEC5FF7CA}.AppStore|ARM.Build.0 = Release|Any CPU
		{4B5A2A21-5DBD-4D93-B03D-8A9CEC5FF7CA}.AppStore|iPhone.ActiveCfg = Release|Any CPU
		{4B5A2A21-5DBD-4D93-B03D-8A9CEC5FF7CA}.AppStore|iPhone.Build.0 = Release|Any CPU
		{4B5A2A21-5DBD-4D93-B03D-8A9CEC5FF7CA}.AppStore|iPhoneSimulator.ActiveCfg = Release|Any CPU
		{4B5A2A21-5DBD-4D93-B03D-8A9CEC5FF7CA}.AppStore|iPhoneSimulator.Build.0 = Release|Any CPU
		{4B5A2A21-5DBD-4D93-B03D-8A9CEC5FF7CA}.AppStore|x64.ActiveCfg = Release|Any CPU
		{4B5A2A21-5DBD-4D93-B03D-8A9CEC5FF7CA}.AppStore|x64.Build.0 = Release|Any CPU
		{4B5A2A21-5DBD-4D93-B03D-8A9CEC5FF7CA}.AppStore|x86.ActiveCfg = Release|Any CPU
		{4B5A2A21-5DBD-4D93-B03D-8A9CEC5FF7CA}.AppStore|x86.Build.0 = Release|Any CPU
		{4B5A2A21-5DBD-4D93-B03D-8A9CEC5FF7CA}.Debug|Any CPU.ActiveCfg = Debug|Any CPU
		{4B5A2A21-5DBD-4D93-B03D-8A9CEC5FF7CA}.Debug|Any CPU.Build.0 = Debug|Any CPU
		{4B5A2A21-5DBD-4D93-B03D-8A9CEC5FF7CA}.Debug|ARM.ActiveCfg = Debug|Any CPU
		{4B5A2A21-5DBD-4D93-B03D-8A9CEC5FF7CA}.Debug|ARM.Build.0 = Debug|Any CPU
		{4B5A2A21-5DBD-4D93-B03D-8A9CEC5FF7CA}.Debug|iPhone.ActiveCfg = Debug|Any CPU
		{4B5A2A21-5DBD-4D93-B03D-8A9CEC5FF7CA}.Debug|iPhone.Build.0 = Debug|Any CPU
		{4B5A2A21-5DBD-4D93-B03D-8A9CEC5FF7CA}.Debug|iPhoneSimulator.ActiveCfg = Debug|Any CPU
		{4B5A2A21-5DBD-4D93-B03D-8A9CEC5FF7CA}.Debug|iPhoneSimulator.Build.0 = Debug|Any CPU
		{4B5A2A21-5DBD-4D93-B03D-8A9CEC5FF7CA}.Debug|x64.ActiveCfg = Debug|Any CPU
		{4B5A2A21-5DBD-4D93-B03D-8A9CEC5FF7CA}.Debug|x64.Build.0 = Debug|Any CPU
		{4B5A2A21-5DBD-4D93-B03D-8A9CEC5FF7CA}.Debug|x86.ActiveCfg = Debug|Any CPU
		{4B5A2A21-5DBD-4D93-B03D-8A9CEC5FF7CA}.Debug|x86.Build.0 = Debug|Any CPU
		{4B5A2A21-5DBD-4D93-B03D-8A9CEC5FF7CA}.Release|Any CPU.ActiveCfg = Release|Any CPU
		{4B5A2A21-5DBD-4D93-B03D-8A9CEC5FF7CA}.Release|Any CPU.Build.0 = Release|Any CPU
		{4B5A2A21-5DBD-4D93-B03D-8A9CEC5FF7CA}.Release|ARM.ActiveCfg = Release|Any CPU
		{4B5A2A21-5DBD-4D93-B03D-8A9CEC5FF7CA}.Release|ARM.Build.0 = Release|Any CPU
		{4B5A2A21-5DBD-4D93-B03D-8A9CEC5FF7CA}.Release|iPhone.ActiveCfg = Release|Any CPU
		{4B5A2A21-5DBD-4D93-B03D-8A9CEC5FF7CA}.Release|iPhone.Build.0 = Release|Any CPU
		{4B5A2A21-5DBD-4D93-B03D-8A9CEC5FF7CA}.Release|iPhoneSimulator.ActiveCfg = Release|Any CPU
		{4B5A2A21-5DBD-4D93-B03D-8A9CEC5FF7CA}.Release|iPhoneSimulator.Build.0 = Release|Any CPU
		{4B5A2A21-5DBD-4D93-B03D-8A9CEC5FF7CA}.Release|x64.ActiveCfg = Release|Any CPU
		{4B5A2A21-5DBD-4D93-B03D-8A9CEC5FF7CA}.Release|x64.Build.0 = Release|Any CPU
		{4B5A2A21-5DBD-4D93-B03D-8A9CEC5FF7CA}.Release|x86.ActiveCfg = Release|Any CPU
		{4B5A2A21-5DBD-4D93-B03D-8A9CEC5FF7CA}.Release|x86.Build.0 = Release|Any CPU
		{15F8CD2A-9407-4B71-9DC9-D9C6260B89DA}.Ad-Hoc|Any CPU.ActiveCfg = Release|Any CPU
		{15F8CD2A-9407-4B71-9DC9-D9C6260B89DA}.Ad-Hoc|Any CPU.Build.0 = Release|Any CPU
		{15F8CD2A-9407-4B71-9DC9-D9C6260B89DA}.Ad-Hoc|Any CPU.Deploy.0 = Release|Any CPU
		{15F8CD2A-9407-4B71-9DC9-D9C6260B89DA}.Ad-Hoc|ARM.ActiveCfg = Release|Any CPU
		{15F8CD2A-9407-4B71-9DC9-D9C6260B89DA}.Ad-Hoc|ARM.Build.0 = Release|Any CPU
		{15F8CD2A-9407-4B71-9DC9-D9C6260B89DA}.Ad-Hoc|ARM.Deploy.0 = Release|Any CPU
		{15F8CD2A-9407-4B71-9DC9-D9C6260B89DA}.Ad-Hoc|iPhone.ActiveCfg = Release|Any CPU
		{15F8CD2A-9407-4B71-9DC9-D9C6260B89DA}.Ad-Hoc|iPhone.Build.0 = Release|Any CPU
		{15F8CD2A-9407-4B71-9DC9-D9C6260B89DA}.Ad-Hoc|iPhone.Deploy.0 = Release|Any CPU
		{15F8CD2A-9407-4B71-9DC9-D9C6260B89DA}.Ad-Hoc|iPhoneSimulator.ActiveCfg = Release|Any CPU
		{15F8CD2A-9407-4B71-9DC9-D9C6260B89DA}.Ad-Hoc|iPhoneSimulator.Build.0 = Release|Any CPU
		{15F8CD2A-9407-4B71-9DC9-D9C6260B89DA}.Ad-Hoc|iPhoneSimulator.Deploy.0 = Release|Any CPU
		{15F8CD2A-9407-4B71-9DC9-D9C6260B89DA}.Ad-Hoc|x64.ActiveCfg = Release|Any CPU
		{15F8CD2A-9407-4B71-9DC9-D9C6260B89DA}.Ad-Hoc|x64.Build.0 = Release|Any CPU
		{15F8CD2A-9407-4B71-9DC9-D9C6260B89DA}.Ad-Hoc|x64.Deploy.0 = Release|Any CPU
		{15F8CD2A-9407-4B71-9DC9-D9C6260B89DA}.Ad-Hoc|x86.ActiveCfg = Release|Any CPU
		{15F8CD2A-9407-4B71-9DC9-D9C6260B89DA}.Ad-Hoc|x86.Build.0 = Release|Any CPU
		{15F8CD2A-9407-4B71-9DC9-D9C6260B89DA}.Ad-Hoc|x86.Deploy.0 = Release|Any CPU
		{15F8CD2A-9407-4B71-9DC9-D9C6260B89DA}.AppStore|Any CPU.ActiveCfg = Release|Any CPU
		{15F8CD2A-9407-4B71-9DC9-D9C6260B89DA}.AppStore|Any CPU.Build.0 = Release|Any CPU
		{15F8CD2A-9407-4B71-9DC9-D9C6260B89DA}.AppStore|Any CPU.Deploy.0 = Release|Any CPU
		{15F8CD2A-9407-4B71-9DC9-D9C6260B89DA}.AppStore|ARM.ActiveCfg = Release|Any CPU
		{15F8CD2A-9407-4B71-9DC9-D9C6260B89DA}.AppStore|ARM.Build.0 = Release|Any CPU
		{15F8CD2A-9407-4B71-9DC9-D9C6260B89DA}.AppStore|ARM.Deploy.0 = Release|Any CPU
		{15F8CD2A-9407-4B71-9DC9-D9C6260B89DA}.AppStore|iPhone.ActiveCfg = Release|Any CPU
		{15F8CD2A-9407-4B71-9DC9-D9C6260B89DA}.AppStore|iPhone.Build.0 = Release|Any CPU
		{15F8CD2A-9407-4B71-9DC9-D9C6260B89DA}.AppStore|iPhone.Deploy.0 = Release|Any CPU
		{15F8CD2A-9407-4B71-9DC9-D9C6260B89DA}.AppStore|iPhoneSimulator.ActiveCfg = Release|Any CPU
		{15F8CD2A-9407-4B71-9DC9-D9C6260B89DA}.AppStore|iPhoneSimulator.Build.0 = Release|Any CPU
		{15F8CD2A-9407-4B71-9DC9-D9C6260B89DA}.AppStore|iPhoneSimulator.Deploy.0 = Release|Any CPU
		{15F8CD2A-9407-4B71-9DC9-D9C6260B89DA}.AppStore|x64.ActiveCfg = Release|Any CPU
		{15F8CD2A-9407-4B71-9DC9-D9C6260B89DA}.AppStore|x64.Build.0 = Release|Any CPU
		{15F8CD2A-9407-4B71-9DC9-D9C6260B89DA}.AppStore|x64.Deploy.0 = Release|Any CPU
		{15F8CD2A-9407-4B71-9DC9-D9C6260B89DA}.AppStore|x86.ActiveCfg = Release|Any CPU
		{15F8CD2A-9407-4B71-9DC9-D9C6260B89DA}.AppStore|x86.Build.0 = Release|Any CPU
		{15F8CD2A-9407-4B71-9DC9-D9C6260B89DA}.AppStore|x86.Deploy.0 = Release|Any CPU
		{15F8CD2A-9407-4B71-9DC9-D9C6260B89DA}.Debug|Any CPU.ActiveCfg = Debug|Any CPU
		{15F8CD2A-9407-4B71-9DC9-D9C6260B89DA}.Debug|Any CPU.Build.0 = Debug|Any CPU
		{15F8CD2A-9407-4B71-9DC9-D9C6260B89DA}.Debug|Any CPU.Deploy.0 = Debug|Any CPU
		{15F8CD2A-9407-4B71-9DC9-D9C6260B89DA}.Debug|ARM.ActiveCfg = Debug|Any CPU
		{15F8CD2A-9407-4B71-9DC9-D9C6260B89DA}.Debug|ARM.Build.0 = Debug|Any CPU
		{15F8CD2A-9407-4B71-9DC9-D9C6260B89DA}.Debug|ARM.Deploy.0 = Debug|Any CPU
		{15F8CD2A-9407-4B71-9DC9-D9C6260B89DA}.Debug|iPhone.ActiveCfg = Debug|Any CPU
		{15F8CD2A-9407-4B71-9DC9-D9C6260B89DA}.Debug|iPhone.Build.0 = Debug|Any CPU
		{15F8CD2A-9407-4B71-9DC9-D9C6260B89DA}.Debug|iPhone.Deploy.0 = Debug|Any CPU
		{15F8CD2A-9407-4B71-9DC9-D9C6260B89DA}.Debug|iPhoneSimulator.ActiveCfg = Debug|Any CPU
		{15F8CD2A-9407-4B71-9DC9-D9C6260B89DA}.Debug|iPhoneSimulator.Build.0 = Debug|Any CPU
		{15F8CD2A-9407-4B71-9DC9-D9C6260B89DA}.Debug|iPhoneSimulator.Deploy.0 = Debug|Any CPU
		{15F8CD2A-9407-4B71-9DC9-D9C6260B89DA}.Debug|x64.ActiveCfg = Debug|Any CPU
		{15F8CD2A-9407-4B71-9DC9-D9C6260B89DA}.Debug|x64.Build.0 = Debug|Any CPU
		{15F8CD2A-9407-4B71-9DC9-D9C6260B89DA}.Debug|x64.Deploy.0 = Debug|Any CPU
		{15F8CD2A-9407-4B71-9DC9-D9C6260B89DA}.Debug|x86.ActiveCfg = Debug|Any CPU
		{15F8CD2A-9407-4B71-9DC9-D9C6260B89DA}.Debug|x86.Build.0 = Debug|Any CPU
		{15F8CD2A-9407-4B71-9DC9-D9C6260B89DA}.Debug|x86.Deploy.0 = Debug|Any CPU
		{15F8CD2A-9407-4B71-9DC9-D9C6260B89DA}.Release|Any CPU.ActiveCfg = Release|Any CPU
		{15F8CD2A-9407-4B71-9DC9-D9C6260B89DA}.Release|Any CPU.Build.0 = Release|Any CPU
		{15F8CD2A-9407-4B71-9DC9-D9C6260B89DA}.Release|Any CPU.Deploy.0 = Release|Any CPU
		{15F8CD2A-9407-4B71-9DC9-D9C6260B89DA}.Release|ARM.ActiveCfg = Release|Any CPU
		{15F8CD2A-9407-4B71-9DC9-D9C6260B89DA}.Release|ARM.Build.0 = Release|Any CPU
		{15F8CD2A-9407-4B71-9DC9-D9C6260B89DA}.Release|ARM.Deploy.0 = Release|Any CPU
		{15F8CD2A-9407-4B71-9DC9-D9C6260B89DA}.Release|iPhone.ActiveCfg = Release|Any CPU
		{15F8CD2A-9407-4B71-9DC9-D9C6260B89DA}.Release|iPhone.Build.0 = Release|Any CPU
		{15F8CD2A-9407-4B71-9DC9-D9C6260B89DA}.Release|iPhone.Deploy.0 = Release|Any CPU
		{15F8CD2A-9407-4B71-9DC9-D9C6260B89DA}.Release|iPhoneSimulator.ActiveCfg = Release|Any CPU
		{15F8CD2A-9407-4B71-9DC9-D9C6260B89DA}.Release|iPhoneSimulator.Build.0 = Release|Any CPU
		{15F8CD2A-9407-4B71-9DC9-D9C6260B89DA}.Release|iPhoneSimulator.Deploy.0 = Release|Any CPU
		{15F8CD2A-9407-4B71-9DC9-D9C6260B89DA}.Release|x64.ActiveCfg = Release|Any CPU
		{15F8CD2A-9407-4B71-9DC9-D9C6260B89DA}.Release|x64.Build.0 = Release|Any CPU
		{15F8CD2A-9407-4B71-9DC9-D9C6260B89DA}.Release|x64.Deploy.0 = Release|Any CPU
		{15F8CD2A-9407-4B71-9DC9-D9C6260B89DA}.Release|x86.ActiveCfg = Release|Any CPU
		{15F8CD2A-9407-4B71-9DC9-D9C6260B89DA}.Release|x86.Build.0 = Release|Any CPU
		{15F8CD2A-9407-4B71-9DC9-D9C6260B89DA}.Release|x86.Deploy.0 = Release|Any CPU
		{31C4BEC9-51FA-46F6-A407-6594ADFD04F4}.Ad-Hoc|Any CPU.ActiveCfg = Ad-Hoc|iPhone
		{31C4BEC9-51FA-46F6-A407-6594ADFD04F4}.Ad-Hoc|ARM.ActiveCfg = Ad-Hoc|iPhone
		{31C4BEC9-51FA-46F6-A407-6594ADFD04F4}.Ad-Hoc|iPhone.ActiveCfg = Ad-Hoc|iPhone
		{31C4BEC9-51FA-46F6-A407-6594ADFD04F4}.Ad-Hoc|iPhone.Build.0 = Ad-Hoc|iPhone
		{31C4BEC9-51FA-46F6-A407-6594ADFD04F4}.Ad-Hoc|iPhoneSimulator.ActiveCfg = Ad-Hoc|iPhoneSimulator
		{31C4BEC9-51FA-46F6-A407-6594ADFD04F4}.Ad-Hoc|iPhoneSimulator.Build.0 = Ad-Hoc|iPhoneSimulator
		{31C4BEC9-51FA-46F6-A407-6594ADFD04F4}.Ad-Hoc|x64.ActiveCfg = Ad-Hoc|iPhone
		{31C4BEC9-51FA-46F6-A407-6594ADFD04F4}.Ad-Hoc|x86.ActiveCfg = Ad-Hoc|iPhone
		{31C4BEC9-51FA-46F6-A407-6594ADFD04F4}.AppStore|Any CPU.ActiveCfg = AppStore|iPhone
		{31C4BEC9-51FA-46F6-A407-6594ADFD04F4}.AppStore|ARM.ActiveCfg = AppStore|iPhone
		{31C4BEC9-51FA-46F6-A407-6594ADFD04F4}.AppStore|iPhone.ActiveCfg = AppStore|iPhone
		{31C4BEC9-51FA-46F6-A407-6594ADFD04F4}.AppStore|iPhone.Build.0 = AppStore|iPhone
		{31C4BEC9-51FA-46F6-A407-6594ADFD04F4}.AppStore|iPhoneSimulator.ActiveCfg = AppStore|iPhoneSimulator
		{31C4BEC9-51FA-46F6-A407-6594ADFD04F4}.AppStore|iPhoneSimulator.Build.0 = AppStore|iPhoneSimulator
		{31C4BEC9-51FA-46F6-A407-6594ADFD04F4}.AppStore|x64.ActiveCfg = AppStore|iPhone
		{31C4BEC9-51FA-46F6-A407-6594ADFD04F4}.AppStore|x86.ActiveCfg = AppStore|iPhone
		{31C4BEC9-51FA-46F6-A407-6594ADFD04F4}.Debug|Any CPU.ActiveCfg = Debug|iPhone
		{31C4BEC9-51FA-46F6-A407-6594ADFD04F4}.Debug|ARM.ActiveCfg = Debug|iPhone
		{31C4BEC9-51FA-46F6-A407-6594ADFD04F4}.Debug|iPhone.ActiveCfg = Debug|iPhone
		{31C4BEC9-51FA-46F6-A407-6594ADFD04F4}.Debug|iPhone.Build.0 = Debug|iPhone
		{31C4BEC9-51FA-46F6-A407-6594ADFD04F4}.Debug|iPhoneSimulator.ActiveCfg = Debug|iPhoneSimulator
		{31C4BEC9-51FA-46F6-A407-6594ADFD04F4}.Debug|iPhoneSimulator.Build.0 = Debug|iPhoneSimulator
		{31C4BEC9-51FA-46F6-A407-6594ADFD04F4}.Debug|x64.ActiveCfg = Debug|iPhone
		{31C4BEC9-51FA-46F6-A407-6594ADFD04F4}.Debug|x86.ActiveCfg = Debug|iPhone
		{31C4BEC9-51FA-46F6-A407-6594ADFD04F4}.Release|Any CPU.ActiveCfg = Release|iPhone
		{31C4BEC9-51FA-46F6-A407-6594ADFD04F4}.Release|ARM.ActiveCfg = Release|iPhone
		{31C4BEC9-51FA-46F6-A407-6594ADFD04F4}.Release|iPhone.ActiveCfg = Release|iPhone
		{31C4BEC9-51FA-46F6-A407-6594ADFD04F4}.Release|iPhone.Build.0 = Release|iPhone
		{31C4BEC9-51FA-46F6-A407-6594ADFD04F4}.Release|iPhoneSimulator.ActiveCfg = Release|iPhoneSimulator
		{31C4BEC9-51FA-46F6-A407-6594ADFD04F4}.Release|iPhoneSimulator.Build.0 = Release|iPhoneSimulator
		{31C4BEC9-51FA-46F6-A407-6594ADFD04F4}.Release|x64.ActiveCfg = Release|iPhone
		{31C4BEC9-51FA-46F6-A407-6594ADFD04F4}.Release|x86.ActiveCfg = Release|iPhone
		{497FC2B6-D30F-4D4D-B2DA-7AE1D6B5242F}.Ad-Hoc|Any CPU.ActiveCfg = Release|x86
		{497FC2B6-D30F-4D4D-B2DA-7AE1D6B5242F}.Ad-Hoc|Any CPU.Build.0 = Release|x86
		{497FC2B6-D30F-4D4D-B2DA-7AE1D6B5242F}.Ad-Hoc|Any CPU.Deploy.0 = Release|x86
		{497FC2B6-D30F-4D4D-B2DA-7AE1D6B5242F}.Ad-Hoc|ARM.ActiveCfg = Release|ARM
		{497FC2B6-D30F-4D4D-B2DA-7AE1D6B5242F}.Ad-Hoc|ARM.Build.0 = Release|ARM
		{497FC2B6-D30F-4D4D-B2DA-7AE1D6B5242F}.Ad-Hoc|ARM.Deploy.0 = Release|ARM
		{497FC2B6-D30F-4D4D-B2DA-7AE1D6B5242F}.Ad-Hoc|iPhone.ActiveCfg = Release|x86
		{497FC2B6-D30F-4D4D-B2DA-7AE1D6B5242F}.Ad-Hoc|iPhone.Build.0 = Release|x86
		{497FC2B6-D30F-4D4D-B2DA-7AE1D6B5242F}.Ad-Hoc|iPhone.Deploy.0 = Release|x86
		{497FC2B6-D30F-4D4D-B2DA-7AE1D6B5242F}.Ad-Hoc|iPhoneSimulator.ActiveCfg = Release|x86
		{497FC2B6-D30F-4D4D-B2DA-7AE1D6B5242F}.Ad-Hoc|iPhoneSimulator.Build.0 = Release|x86
		{497FC2B6-D30F-4D4D-B2DA-7AE1D6B5242F}.Ad-Hoc|iPhoneSimulator.Deploy.0 = Release|x86
		{497FC2B6-D30F-4D4D-B2DA-7AE1D6B5242F}.Ad-Hoc|x64.ActiveCfg = Release|x64
		{497FC2B6-D30F-4D4D-B2DA-7AE1D6B5242F}.Ad-Hoc|x64.Build.0 = Release|x64
		{497FC2B6-D30F-4D4D-B2DA-7AE1D6B5242F}.Ad-Hoc|x64.Deploy.0 = Release|x64
		{497FC2B6-D30F-4D4D-B2DA-7AE1D6B5242F}.Ad-Hoc|x86.ActiveCfg = Release|x86
		{497FC2B6-D30F-4D4D-B2DA-7AE1D6B5242F}.Ad-Hoc|x86.Build.0 = Release|x86
		{497FC2B6-D30F-4D4D-B2DA-7AE1D6B5242F}.Ad-Hoc|x86.Deploy.0 = Release|x86
		{497FC2B6-D30F-4D4D-B2DA-7AE1D6B5242F}.AppStore|Any CPU.ActiveCfg = Release|x86
		{497FC2B6-D30F-4D4D-B2DA-7AE1D6B5242F}.AppStore|Any CPU.Build.0 = Release|x86
		{497FC2B6-D30F-4D4D-B2DA-7AE1D6B5242F}.AppStore|Any CPU.Deploy.0 = Release|x86
		{497FC2B6-D30F-4D4D-B2DA-7AE1D6B5242F}.AppStore|ARM.ActiveCfg = Release|ARM
		{497FC2B6-D30F-4D4D-B2DA-7AE1D6B5242F}.AppStore|ARM.Build.0 = Release|ARM
		{497FC2B6-D30F-4D4D-B2DA-7AE1D6B5242F}.AppStore|ARM.Deploy.0 = Release|ARM
		{497FC2B6-D30F-4D4D-B2DA-7AE1D6B5242F}.AppStore|iPhone.ActiveCfg = Release|x86
		{497FC2B6-D30F-4D4D-B2DA-7AE1D6B5242F}.AppStore|iPhone.Build.0 = Release|x86
		{497FC2B6-D30F-4D4D-B2DA-7AE1D6B5242F}.AppStore|iPhone.Deploy.0 = Release|x86
		{497FC2B6-D30F-4D4D-B2DA-7AE1D6B5242F}.AppStore|iPhoneSimulator.ActiveCfg = Release|x86
		{497FC2B6-D30F-4D4D-B2DA-7AE1D6B5242F}.AppStore|iPhoneSimulator.Build.0 = Release|x86
		{497FC2B6-D30F-4D4D-B2DA-7AE1D6B5242F}.AppStore|iPhoneSimulator.Deploy.0 = Release|x86
		{497FC2B6-D30F-4D4D-B2DA-7AE1D6B5242F}.AppStore|x64.ActiveCfg = Release|x64
		{497FC2B6-D30F-4D4D-B2DA-7AE1D6B5242F}.AppStore|x64.Build.0 = Release|x64
		{497FC2B6-D30F-4D4D-B2DA-7AE1D6B5242F}.AppStore|x64.Deploy.0 = Release|x64
		{497FC2B6-D30F-4D4D-B2DA-7AE1D6B5242F}.AppStore|x86.ActiveCfg = Release|x86
		{497FC2B6-D30F-4D4D-B2DA-7AE1D6B5242F}.AppStore|x86.Build.0 = Release|x86
		{497FC2B6-D30F-4D4D-B2DA-7AE1D6B5242F}.AppStore|x86.Deploy.0 = Release|x86
		{497FC2B6-D30F-4D4D-B2DA-7AE1D6B5242F}.Debug|Any CPU.ActiveCfg = Debug|x86
		{497FC2B6-D30F-4D4D-B2DA-7AE1D6B5242F}.Debug|ARM.ActiveCfg = Debug|ARM
		{497FC2B6-D30F-4D4D-B2DA-7AE1D6B5242F}.Debug|ARM.Build.0 = Debug|ARM
		{497FC2B6-D30F-4D4D-B2DA-7AE1D6B5242F}.Debug|ARM.Deploy.0 = Debug|ARM
		{497FC2B6-D30F-4D4D-B2DA-7AE1D6B5242F}.Debug|iPhone.ActiveCfg = Debug|x86
		{497FC2B6-D30F-4D4D-B2DA-7AE1D6B5242F}.Debug|iPhoneSimulator.ActiveCfg = Debug|x86
		{497FC2B6-D30F-4D4D-B2DA-7AE1D6B5242F}.Debug|x64.ActiveCfg = Debug|x64
		{497FC2B6-D30F-4D4D-B2DA-7AE1D6B5242F}.Debug|x64.Build.0 = Debug|x64
		{497FC2B6-D30F-4D4D-B2DA-7AE1D6B5242F}.Debug|x64.Deploy.0 = Debug|x64
		{497FC2B6-D30F-4D4D-B2DA-7AE1D6B5242F}.Debug|x86.ActiveCfg = Debug|x86
		{497FC2B6-D30F-4D4D-B2DA-7AE1D6B5242F}.Debug|x86.Build.0 = Debug|x86
		{497FC2B6-D30F-4D4D-B2DA-7AE1D6B5242F}.Debug|x86.Deploy.0 = Debug|x86
		{497FC2B6-D30F-4D4D-B2DA-7AE1D6B5242F}.Release|Any CPU.ActiveCfg = Release|x86
		{497FC2B6-D30F-4D4D-B2DA-7AE1D6B5242F}.Release|ARM.ActiveCfg = Release|ARM
		{497FC2B6-D30F-4D4D-B2DA-7AE1D6B5242F}.Release|ARM.Build.0 = Release|ARM
		{497FC2B6-D30F-4D4D-B2DA-7AE1D6B5242F}.Release|ARM.Deploy.0 = Release|ARM
		{497FC2B6-D30F-4D4D-B2DA-7AE1D6B5242F}.Release|iPhone.ActiveCfg = Release|x86
		{497FC2B6-D30F-4D4D-B2DA-7AE1D6B5242F}.Release|iPhoneSimulator.ActiveCfg = Release|x86
		{497FC2B6-D30F-4D4D-B2DA-7AE1D6B5242F}.Release|x64.ActiveCfg = Release|x64
		{497FC2B6-D30F-4D4D-B2DA-7AE1D6B5242F}.Release|x64.Build.0 = Release|x64
		{497FC2B6-D30F-4D4D-B2DA-7AE1D6B5242F}.Release|x64.Deploy.0 = Release|x64
		{497FC2B6-D30F-4D4D-B2DA-7AE1D6B5242F}.Release|x86.ActiveCfg = Release|x86
		{497FC2B6-D30F-4D4D-B2DA-7AE1D6B5242F}.Release|x86.Build.0 = Release|x86
		{497FC2B6-D30F-4D4D-B2DA-7AE1D6B5242F}.Release|x86.Deploy.0 = Release|x86
	EndGlobalSection
	GlobalSection(SolutionProperties) = preSolution
		HideSolutionNode = FALSE
	EndGlobalSection
EndGlobal
